
Microsoft Visual Studio Solution File, Format Version 11.00
# Visual Studio 2010
Project("{FAE04EC0-301F-11D3-BF4B-00C04F79EFBC}") = "DigiPrint.Module", "DigiPrint.Module.csproj", "{04D9D6BF-DE91-40D0-9FA1-5F63E4A35BF5}"
EndProject
Global
	GlobalSection(SolutionConfigurationPlatforms) = preSolution
		Debug|Any CPU = Debug|Any CPU
		EasyTest|Any CPU = EasyTest|Any CPU
		Release|Any CPU = Release|Any CPU
	EndGlobalSection
	GlobalSection(ProjectConfigurationPlatforms) = postSolution
		{04D9D6BF-DE91-40D0-9FA1-5F63E4A35BF5}.Debug|Any CPU.ActiveCfg = Debug|Any CPU
		{04D9D6BF-DE91-40D0-9FA1-5F63E4A35BF5}.Debug|Any CPU.Build.0 = Debug|Any CPU
		{04D9D6BF-DE91-40D0-9FA1-5F63E4A35BF5}.EasyTest|Any CPU.ActiveCfg = EasyTest|Any CPU
		{04D9D6BF-DE91-40D0-9FA1-5F63E4A35BF5}.EasyTest|Any CPU.Build.0 = EasyTest|Any CPU
		{04D9D6BF-DE91-40D0-9FA1-5F63E4A35BF5}.Release|Any CPU.ActiveCfg = Release|Any CPU
		{04D9D6BF-DE91-40D0-9FA1-5F63E4A35BF5}.Release|Any CPU.Build.0 = Release|Any CPU
	EndGlobalSection
	GlobalSection(SolutionProperties) = preSolution
		HideSolutionNode = FALSE
	EndGlobalSection
EndGlobal
